
Microsoft Visual Studio Solution File, Format Version 12.00
# Visual Studio Version 17
VisualStudioVersion = 17.0.31903.59
MinimumVisualStudioVersion = 10.0.40219.1
Project("{9A19103F-16F7-4668-BE54-9A1E7A4F7556}") = "ValidationHelper", "ValidationHelper\ValidationHelper.csproj", "{6A22B0C6-C4E2-4473-B88A-32D96C0D65F2}"
EndProject
Project("{2150E333-8FDC-42A3-9474-1A3956D46DE8}") = "UnitTests", "UnitTests", "{14402D8B-674D-4B38-866B-A3374EE7E04A}"
EndProject
Project("{9A19103F-16F7-4668-BE54-9A1E7A4F7556}") = "ValidationHelperUnitTests", "UnitTests\ValidationHelperUnitTests\ValidationHelperUnitTests.csproj", "{0157487D-6880-4E27-8C6F-4664B639F18A}"
EndProject
Project("{2150E333-8FDC-42A3-9474-1A3956D46DE8}") = "Solution Items", "Solution Items", "{899D1442-226C-4C61-B767-D9191ABB059F}"
	ProjectSection(SolutionItems) = preProject
		.editorconfig = .editorconfig
	EndProjectSection
EndProject
Global
	GlobalSection(SolutionConfigurationPlatforms) = preSolution
		Debug|Any CPU = Debug|Any CPU
		Release|Any CPU = Release|Any CPU
	EndGlobalSection
	GlobalSection(ProjectConfigurationPlatforms) = postSolution
		{6A22B0C6-C4E2-4473-B88A-32D96C0D65F2}.Debug|Any CPU.ActiveCfg = Debug|Any CPU
		{6A22B0C6-C4E2-4473-B88A-32D96C0D65F2}.Debug|Any CPU.Build.0 = Debug|Any CPU
		{6A22B0C6-C4E2-4473-B88A-32D96C0D65F2}.Release|Any CPU.ActiveCfg = Release|Any CPU
		{6A22B0C6-C4E2-4473-B88A-32D96C0D65F2}.Release|Any CPU.Build.0 = Release|Any CPU
		{0157487D-6880-4E27-8C6F-4664B639F18A}.Debug|Any CPU.ActiveCfg = Debug|Any CPU
		{0157487D-6880-4E27-8C6F-4664B639F18A}.Debug|Any CPU.Build.0 = Debug|Any CPU
		{0157487D-6880-4E27-8C6F-4664B639F18A}.Release|Any CPU.ActiveCfg = Release|Any CPU
		{0157487D-6880-4E27-8C6F-4664B639F18A}.Release|Any CPU.Build.0 = Release|Any CPU
	EndGlobalSection
	GlobalSection(SolutionProperties) = preSolution
		HideSolutionNode = FALSE
	EndGlobalSection
	GlobalSection(NestedProjects) = preSolution
		{0157487D-6880-4E27-8C6F-4664B639F18A} = {14402D8B-674D-4B38-866B-A3374EE7E04A}
	EndGlobalSection
	GlobalSection(ExtensibilityGlobals) = postSolution
		SolutionGuid = {6C076BEC-3208-4F25-A716-576C96CCE5D5}
	EndGlobalSection
EndGlobal
